// !$*UTF8*$!
{
	archiveVersion = 1;
	classes = {
	};
	objectVersion = 46;
	objects = {

/* Begin PBXBuildFile section */
		06034FC91AD7290300EAB2D6 /* Measurements.swift in Sources */ = {isa = PBXBuildFile; fileRef = 06034FC81AD7290300EAB2D6 /* Measurements.swift */; };
		0618BA6F1AC78DEB00BDFBC0 /* Exercise.swift in Sources */ = {isa = PBXBuildFile; fileRef = 0618BA6E1AC78DEB00BDFBC0 /* Exercise.swift */; };
		0618BA711AC7A11A00BDFBC0 /* TrainingModeVC.swift in Sources */ = {isa = PBXBuildFile; fileRef = 0618BA701AC7A11A00BDFBC0 /* TrainingModeVC.swift */; };
		06197B6F1AD5F1C9002794A3 /* TrainingDataVC.swift in Sources */ = {isa = PBXBuildFile; fileRef = 06197B6E1AD5F1C9002794A3 /* TrainingDataVC.swift */; };
		06879C681ACB462E00C6FEE3 /* TrainingPlanCreationVC.swift in Sources */ = {isa = PBXBuildFile; fileRef = 06879C671ACB462E00C6FEE3 /* TrainingPlanCreationVC.swift */; };
		0694D5D91AD48863001BC64C /* DoneExercise.swift in Sources */ = {isa = PBXBuildFile; fileRef = 0694D5D81AD48863001BC64C /* DoneExercise.swift */; };
		06DF4D2C1AC59FEB00FA2A01 /* AppDelegate.swift in Sources */ = {isa = PBXBuildFile; fileRef = 06DF4D2B1AC59FEB00FA2A01 /* AppDelegate.swift */; };
		06DF4D2F1AC59FEB00FA2A01 /* Train2Gain.xcdatamodeld in Sources */ = {isa = PBXBuildFile; fileRef = 06DF4D2D1AC59FEB00FA2A01 /* Train2Gain.xcdatamodeld */; };
		06DF4D451AC59FEB00FA2A01 /* Train2GainTests.swift in Sources */ = {isa = PBXBuildFile; fileRef = 06DF4D441AC59FEB00FA2A01 /* Train2GainTests.swift */; };
		06DF4D4F1AC5A02C00FA2A01 /* OverviewTVC.swift in Sources */ = {isa = PBXBuildFile; fileRef = 06DF4D4E1AC5A02C00FA2A01 /* OverviewTVC.swift */; };
		06FF572F1AC5B5AF0059129D /* TrainingPlansVC.swift in Sources */ = {isa = PBXBuildFile; fileRef = 06FF572E1AC5B5AF0059129D /* TrainingPlansVC.swift */; };
		06FF57371AC633EB0059129D /* BodyMeasurementsVC.swift in Sources */ = {isa = PBXBuildFile; fileRef = 06FF57361AC633EB0059129D /* BodyMeasurementsVC.swift */; };
		461E95821F17EB24001CDCA8 /* Charts.framework in Frameworks */ = {isa = PBXBuildFile; fileRef = 461E95811F17EB24001CDCA8 /* Charts.framework */; };
		461E95831F17EB24001CDCA8 /* Charts.framework in Embed Frameworks */ = {isa = PBXBuildFile; fileRef = 461E95811F17EB24001CDCA8 /* Charts.framework */; settings = {ATTRIBUTES = (CodeSignOnCopy, RemoveHeadersOnCopy, ); }; };
		4628E8051AED99F300D9DDF5 /* TrainingDataDetailTVC.swift in Sources */ = {isa = PBXBuildFile; fileRef = 4628E8041AED99F300D9DDF5 /* TrainingDataDetailTVC.swift */; };
		4628E8071AED9FB900D9DDF5 /* TrainingDataDetailCell.swift in Sources */ = {isa = PBXBuildFile; fileRef = 4628E8061AED9FB900D9DDF5 /* TrainingDataDetailCell.swift */; };
		463070001AEE21F600B19267 /* SettingsVC.swift in Sources */ = {isa = PBXBuildFile; fileRef = 46306FFF1AEE21F600B19267 /* SettingsVC.swift */; };
		4635A4621AED72E10017CE30 /* Mood.swift in Sources */ = {isa = PBXBuildFile; fileRef = 4635A4611AED72E10017CE30 /* Mood.swift */; };
		463D47721AED15FE0097E480 /* MoodCVC.swift in Sources */ = {isa = PBXBuildFile; fileRef = 463D47711AED15FE0097E480 /* MoodCVC.swift */; };
		463D47751AED17520097E480 /* Moods.swift in Sources */ = {isa = PBXBuildFile; fileRef = 463D47741AED17520097E480 /* Moods.swift */; };
		463D47771AED18180097E480 /* MoodCell.swift in Sources */ = {isa = PBXBuildFile; fileRef = 463D47761AED18180097E480 /* MoodCell.swift */; };
		466EF3912132F198005A3BFA /* DateFormatHelper.swift in Sources */ = {isa = PBXBuildFile; fileRef = 466EF3902132F198005A3BFA /* DateFormatHelper.swift */; };
		466EF3932132F503005A3BFA /* PickerViewHelper.swift in Sources */ = {isa = PBXBuildFile; fileRef = 466EF3922132F503005A3BFA /* PickerViewHelper.swift */; };
		466EF39B21343493005A3BFA /* AlertFormatHelper.swift in Sources */ = {isa = PBXBuildFile; fileRef = 466EF39A21343493005A3BFA /* AlertFormatHelper.swift */; };
		469121FF1AF7AB260097D22D /* LocalAuthentication.framework in Frameworks */ = {isa = PBXBuildFile; fileRef = 469121FE1AF7AB260097D22D /* LocalAuthentication.framework */; };
		46AD66631C383A060040E685 /* Main.storyboard in Resources */ = {isa = PBXBuildFile; fileRef = 46AD66651C383A060040E685 /* Main.storyboard */; };
		46AD666C1C3A09B20040E685 /* Localizable.strings in Resources */ = {isa = PBXBuildFile; fileRef = 46AD666E1C3A09B20040E685 /* Localizable.strings */; };
		46AD66701C3ADBB90040E685 /* LaunchScreen.xib in Resources */ = {isa = PBXBuildFile; fileRef = 46AD66721C3ADBB90040E685 /* LaunchScreen.xib */; };
		46C0DBB21B8EECAD007245E7 /* Fabric.framework in Frameworks */ = {isa = PBXBuildFile; fileRef = 46C0DBB01B8EECAD007245E7 /* Fabric.framework */; };
		46C0DBB31B8EECAD007245E7 /* Crashlytics.framework in Frameworks */ = {isa = PBXBuildFile; fileRef = 46C0DBB11B8EECAD007245E7 /* Crashlytics.framework */; };
		46C220B41BC168F30045940F /* StatisticVC.swift in Sources */ = {isa = PBXBuildFile; fileRef = 46C220B31BC168F30045940F /* StatisticVC.swift */; };
		46CEDEFF1B6C137A00B6E7D0 /* EditTrainingDataVC.swift in Sources */ = {isa = PBXBuildFile; fileRef = 46CEDEFE1B6C137A00B6E7D0 /* EditTrainingDataVC.swift */; };
		46E50E581B6AF29D003F381E /* EditTrainingDataDetailVC.swift in Sources */ = {isa = PBXBuildFile; fileRef = 46E50E571B6AF29D003F381E /* EditTrainingDataDetailVC.swift */; };
		46EAAB021B8A40F900EB2919 /* Images.xcassets in Resources */ = {isa = PBXBuildFile; fileRef = 46EAAB011B8A40F900EB2919 /* Images.xcassets */; };
/* End PBXBuildFile section */

/* Begin PBXContainerItemProxy section */
		06DF4D3F1AC59FEB00FA2A01 /* PBXContainerItemProxy */ = {
			isa = PBXContainerItemProxy;
			containerPortal = 06DF4D1E1AC59FEA00FA2A01 /* Project object */;
			proxyType = 1;
			remoteGlobalIDString = 06DF4D251AC59FEB00FA2A01;
			remoteInfo = Train2Gain;
		};
/* End PBXContainerItemProxy section */

/* Begin PBXCopyFilesBuildPhase section */
		46C220C91BC169C30045940F /* Embed Frameworks */ = {
			isa = PBXCopyFilesBuildPhase;
			buildActionMask = 2147483647;
			dstPath = "";
			dstSubfolderSpec = 10;
			files = (
				461E95831F17EB24001CDCA8 /* Charts.framework in Embed Frameworks */,
			);
			name = "Embed Frameworks";
			runOnlyForDeploymentPostprocessing = 0;
		};
/* End PBXCopyFilesBuildPhase section */

/* Begin PBXFileReference section */
		06034FC81AD7290300EAB2D6 /* Measurements.swift */ = {isa = PBXFileReference; fileEncoding = 4; lastKnownFileType = sourcecode.swift; name = Measurements.swift; path = Train2Gain/Measurements.swift; sourceTree = "<group>"; };
		0618BA6E1AC78DEB00BDFBC0 /* Exercise.swift */ = {isa = PBXFileReference; fileEncoding = 4; lastKnownFileType = sourcecode.swift; name = Exercise.swift; path = Train2Gain/Exercise.swift; sourceTree = "<group>"; };
		0618BA701AC7A11A00BDFBC0 /* TrainingModeVC.swift */ = {isa = PBXFileReference; fileEncoding = 4; lastKnownFileType = sourcecode.swift; path = TrainingModeVC.swift; sourceTree = "<group>"; };
		06197B6E1AD5F1C9002794A3 /* TrainingDataVC.swift */ = {isa = PBXFileReference; fileEncoding = 4; lastKnownFileType = sourcecode.swift; path = TrainingDataVC.swift; sourceTree = "<group>"; };
		06879C671ACB462E00C6FEE3 /* TrainingPlanCreationVC.swift */ = {isa = PBXFileReference; fileEncoding = 4; lastKnownFileType = sourcecode.swift; path = TrainingPlanCreationVC.swift; sourceTree = "<group>"; };
		0694D5D81AD48863001BC64C /* DoneExercise.swift */ = {isa = PBXFileReference; fileEncoding = 4; lastKnownFileType = sourcecode.swift; name = DoneExercise.swift; path = Train2Gain/DoneExercise.swift; sourceTree = "<group>"; };
		06DF4D261AC59FEB00FA2A01 /* Train2Gain.app */ = {isa = PBXFileReference; explicitFileType = wrapper.application; includeInIndex = 0; path = Train2Gain.app; sourceTree = BUILT_PRODUCTS_DIR; };
		06DF4D2A1AC59FEB00FA2A01 /* Info.plist */ = {isa = PBXFileReference; lastKnownFileType = text.plist.xml; path = Info.plist; sourceTree = "<group>"; };
		06DF4D2B1AC59FEB00FA2A01 /* AppDelegate.swift */ = {isa = PBXFileReference; lastKnownFileType = sourcecode.swift; path = AppDelegate.swift; sourceTree = "<group>"; };
		06DF4D2E1AC59FEB00FA2A01 /* Train2Gain.xcdatamodel */ = {isa = PBXFileReference; lastKnownFileType = wrapper.xcdatamodel; path = Train2Gain.xcdatamodel; sourceTree = "<group>"; };
		06DF4D3E1AC59FEB00FA2A01 /* Train2GainTests.xctest */ = {isa = PBXFileReference; explicitFileType = wrapper.cfbundle; includeInIndex = 0; path = Train2GainTests.xctest; sourceTree = BUILT_PRODUCTS_DIR; };
		06DF4D431AC59FEB00FA2A01 /* Info.plist */ = {isa = PBXFileReference; lastKnownFileType = text.plist.xml; path = Info.plist; sourceTree = "<group>"; };
		06DF4D441AC59FEB00FA2A01 /* Train2GainTests.swift */ = {isa = PBXFileReference; lastKnownFileType = sourcecode.swift; path = Train2GainTests.swift; sourceTree = "<group>"; };
		06DF4D4E1AC5A02C00FA2A01 /* OverviewTVC.swift */ = {isa = PBXFileReference; fileEncoding = 4; lastKnownFileType = sourcecode.swift; name = OverviewTVC.swift; path = ../OverviewTVC.swift; sourceTree = "<group>"; };
		06FF572E1AC5B5AF0059129D /* TrainingPlansVC.swift */ = {isa = PBXFileReference; fileEncoding = 4; lastKnownFileType = sourcecode.swift; path = TrainingPlansVC.swift; sourceTree = "<group>"; };
		06FF57361AC633EB0059129D /* BodyMeasurementsVC.swift */ = {isa = PBXFileReference; fileEncoding = 4; lastKnownFileType = sourcecode.swift; path = BodyMeasurementsVC.swift; sourceTree = "<group>"; };
		461E95811F17EB24001CDCA8 /* Charts.framework */ = {isa = PBXFileReference; lastKnownFileType = wrapper.framework; name = Charts.framework; path = Carthage/Build/iOS/Charts.framework; sourceTree = "<group>"; };
		4628E8041AED99F300D9DDF5 /* TrainingDataDetailTVC.swift */ = {isa = PBXFileReference; fileEncoding = 4; lastKnownFileType = sourcecode.swift; path = TrainingDataDetailTVC.swift; sourceTree = "<group>"; };
		4628E8061AED9FB900D9DDF5 /* TrainingDataDetailCell.swift */ = {isa = PBXFileReference; fileEncoding = 4; lastKnownFileType = sourcecode.swift; path = TrainingDataDetailCell.swift; sourceTree = "<group>"; };
		46306FFF1AEE21F600B19267 /* SettingsVC.swift */ = {isa = PBXFileReference; fileEncoding = 4; lastKnownFileType = sourcecode.swift; name = SettingsVC.swift; path = ../SettingsVC.swift; sourceTree = "<group>"; };
		4635A4611AED72E10017CE30 /* Mood.swift */ = {isa = PBXFileReference; fileEncoding = 4; lastKnownFileType = sourcecode.swift; name = Mood.swift; path = Train2Gain/Mood.swift; sourceTree = "<group>"; };
		463D47711AED15FE0097E480 /* MoodCVC.swift */ = {isa = PBXFileReference; fileEncoding = 4; lastKnownFileType = sourcecode.swift; path = MoodCVC.swift; sourceTree = "<group>"; };
		463D47741AED17520097E480 /* Moods.swift */ = {isa = PBXFileReference; fileEncoding = 4; lastKnownFileType = sourcecode.swift; path = Moods.swift; sourceTree = "<group>"; };
		463D47761AED18180097E480 /* MoodCell.swift */ = {isa = PBXFileReference; fileEncoding = 4; lastKnownFileType = sourcecode.swift; path = MoodCell.swift; sourceTree = "<group>"; };
		46416C6C1B69A3990059B548 /* iAd.framework */ = {isa = PBXFileReference; lastKnownFileType = wrapper.framework; name = iAd.framework; path = System/Library/Frameworks/iAd.framework; sourceTree = SDKROOT; };
		466EF3902132F198005A3BFA /* DateFormatHelper.swift */ = {isa = PBXFileReference; lastKnownFileType = sourcecode.swift; path = DateFormatHelper.swift; sourceTree = "<group>"; };
		466EF3922132F503005A3BFA /* PickerViewHelper.swift */ = {isa = PBXFileReference; lastKnownFileType = sourcecode.swift; path = PickerViewHelper.swift; sourceTree = "<group>"; };
		466EF399213418F2005A3BFA /* de */ = {isa = PBXFileReference; lastKnownFileType = text.plist.strings; name = de; path = de.lproj/Main.strings; sourceTree = "<group>"; };
		466EF39A21343493005A3BFA /* AlertFormatHelper.swift */ = {isa = PBXFileReference; lastKnownFileType = sourcecode.swift; path = AlertFormatHelper.swift; sourceTree = "<group>"; };
		469121FE1AF7AB260097D22D /* LocalAuthentication.framework */ = {isa = PBXFileReference; lastKnownFileType = wrapper.framework; name = LocalAuthentication.framework; path = System/Library/Frameworks/LocalAuthentication.framework; sourceTree = SDKROOT; };
		46AD666D1C3A09B20040E685 /* en */ = {isa = PBXFileReference; lastKnownFileType = text.plist.strings; name = en; path = en.lproj/Localizable.strings; sourceTree = "<group>"; };
		46AD666F1C3A09B50040E685 /* de */ = {isa = PBXFileReference; lastKnownFileType = text.plist.strings; name = de; path = de.lproj/Localizable.strings; sourceTree = "<group>"; };
		46AD66751C3ADDB60040E685 /* Base */ = {isa = PBXFileReference; lastKnownFileType = file.xib; name = Base; path = Base.lproj/LaunchScreen.xib; sourceTree = "<group>"; };
		46AD66951C3AEDA40040E685 /* Base */ = {isa = PBXFileReference; lastKnownFileType = file.storyboard; name = Base; path = Base.lproj/Main.storyboard; sourceTree = "<group>"; };
		46C0DBB01B8EECAD007245E7 /* Fabric.framework */ = {isa = PBXFileReference; lastKnownFileType = wrapper.framework; path = Fabric.framework; sourceTree = "<group>"; };
		46C0DBB11B8EECAD007245E7 /* Crashlytics.framework */ = {isa = PBXFileReference; lastKnownFileType = wrapper.framework; path = Crashlytics.framework; sourceTree = "<group>"; };
		46C220B31BC168F30045940F /* StatisticVC.swift */ = {isa = PBXFileReference; fileEncoding = 4; lastKnownFileType = sourcecode.swift; path = StatisticVC.swift; sourceTree = "<group>"; };
		46CEDEFE1B6C137A00B6E7D0 /* EditTrainingDataVC.swift */ = {isa = PBXFileReference; fileEncoding = 4; lastKnownFileType = sourcecode.swift; path = EditTrainingDataVC.swift; sourceTree = "<group>"; };
		46E50E571B6AF29D003F381E /* EditTrainingDataDetailVC.swift */ = {isa = PBXFileReference; fileEncoding = 4; lastKnownFileType = sourcecode.swift; path = EditTrainingDataDetailVC.swift; sourceTree = "<group>"; };
		46EAAB011B8A40F900EB2919 /* Images.xcassets */ = {isa = PBXFileReference; lastKnownFileType = folder.assetcatalog; path = Images.xcassets; sourceTree = "<group>"; };
/* End PBXFileReference section */

/* Begin PBXFrameworksBuildPhase section */
		06DF4D231AC59FEB00FA2A01 /* Frameworks */ = {
			isa = PBXFrameworksBuildPhase;
			buildActionMask = 2147483647;
			files = (
				469121FF1AF7AB260097D22D /* LocalAuthentication.framework in Frameworks */,
				461E95821F17EB24001CDCA8 /* Charts.framework in Frameworks */,
				46C0DBB31B8EECAD007245E7 /* Crashlytics.framework in Frameworks */,
				46C0DBB21B8EECAD007245E7 /* Fabric.framework in Frameworks */,
			);
			runOnlyForDeploymentPostprocessing = 0;
		};
		06DF4D3B1AC59FEB00FA2A01 /* Frameworks */ = {
			isa = PBXFrameworksBuildPhase;
			buildActionMask = 2147483647;
			files = (
			);
			runOnlyForDeploymentPostprocessing = 0;
		};
/* End PBXFrameworksBuildPhase section */

/* Begin PBXGroup section */
		06197B711AD67383002794A3 /* CoreDataClasses */ = {
			isa = PBXGroup;
			children = (
				0694D5D81AD48863001BC64C /* DoneExercise.swift */,
				0618BA6E1AC78DEB00BDFBC0 /* Exercise.swift */,
				06034FC81AD7290300EAB2D6 /* Measurements.swift */,
				4635A4611AED72E10017CE30 /* Mood.swift */,
			);
			name = CoreDataClasses;
			path = ..;
			sourceTree = "<group>";
		};
		062F951E1ADBD6CE003D62A4 /* ViewController */ = {
			isa = PBXGroup;
			children = (
				06FF57361AC633EB0059129D /* BodyMeasurementsVC.swift */,
				46E50E571B6AF29D003F381E /* EditTrainingDataDetailVC.swift */,
				46CEDEFE1B6C137A00B6E7D0 /* EditTrainingDataVC.swift */,
				06197B6E1AD5F1C9002794A3 /* TrainingDataVC.swift */,
				0618BA701AC7A11A00BDFBC0 /* TrainingModeVC.swift */,
				06879C671ACB462E00C6FEE3 /* TrainingPlanCreationVC.swift */,
				06FF572E1AC5B5AF0059129D /* TrainingPlansVC.swift */,
				46306FFF1AEE21F600B19267 /* SettingsVC.swift */,
				46C220B31BC168F30045940F /* StatisticVC.swift */,
			);
			name = ViewController;
			sourceTree = "<group>";
		};
		062F951F1ADBD6D8003D62A4 /* TableViewController */ = {
			isa = PBXGroup;
			children = (
				4628E8041AED99F300D9DDF5 /* TrainingDataDetailTVC.swift */,
				06DF4D4E1AC5A02C00FA2A01 /* OverviewTVC.swift */,
			);
			name = TableViewController;
			sourceTree = "<group>";
		};
		06DF4D1D1AC59FEA00FA2A01 = {
			isa = PBXGroup;
			children = (
				461E95811F17EB24001CDCA8 /* Charts.framework */,
				46C0DBB01B8EECAD007245E7 /* Fabric.framework */,
				46C0DBB11B8EECAD007245E7 /* Crashlytics.framework */,
				46416C6C1B69A3990059B548 /* iAd.framework */,
				469121FE1AF7AB260097D22D /* LocalAuthentication.framework */,
				06DF4D281AC59FEB00FA2A01 /* Train2Gain */,
				06DF4D411AC59FEB00FA2A01 /* Train2GainTests */,
				06DF4D271AC59FEB00FA2A01 /* Products */,
			);
			sourceTree = "<group>";
		};
		06DF4D271AC59FEB00FA2A01 /* Products */ = {
			isa = PBXGroup;
			children = (
				06DF4D261AC59FEB00FA2A01 /* Train2Gain.app */,
				06DF4D3E1AC59FEB00FA2A01 /* Train2GainTests.xctest */,
			);
			name = Products;
			sourceTree = "<group>";
		};
		06DF4D281AC59FEB00FA2A01 /* Train2Gain */ = {
			isa = PBXGroup;
			children = (
				463070011AEE3B8E00B19267 /* Cells */,
				463D47731AED16260097E480 /* CollectionViewController */,
				06197B711AD67383002794A3 /* CoreDataClasses */,
				062F951F1ADBD6D8003D62A4 /* TableViewController */,
				062F951E1ADBD6CE003D62A4 /* ViewController */,
				46AD66721C3ADBB90040E685 /* LaunchScreen.xib */,
				46AD66651C383A060040E685 /* Main.storyboard */,
				46EAAB011B8A40F900EB2919 /* Images.xcassets */,
				06DF4D2D1AC59FEB00FA2A01 /* Train2Gain.xcdatamodeld */,
				06DF4D291AC59FEB00FA2A01 /* Supporting Files */,
				46AD666E1C3A09B20040E685 /* Localizable.strings */,
			);
			path = Train2Gain;
			sourceTree = "<group>";
		};
		06DF4D291AC59FEB00FA2A01 /* Supporting Files */ = {
			isa = PBXGroup;
			children = (
				06DF4D2B1AC59FEB00FA2A01 /* AppDelegate.swift */,
				466EF3902132F198005A3BFA /* DateFormatHelper.swift */,
				06DF4D2A1AC59FEB00FA2A01 /* Info.plist */,
				463D47741AED17520097E480 /* Moods.swift */,
				466EF3922132F503005A3BFA /* PickerViewHelper.swift */,
				466EF39A21343493005A3BFA /* AlertFormatHelper.swift */,
			);
			name = "Supporting Files";
			sourceTree = "<group>";
		};
		06DF4D411AC59FEB00FA2A01 /* Train2GainTests */ = {
			isa = PBXGroup;
			children = (
				06DF4D441AC59FEB00FA2A01 /* Train2GainTests.swift */,
				06DF4D421AC59FEB00FA2A01 /* Supporting Files */,
			);
			path = Train2GainTests;
			sourceTree = "<group>";
		};
		06DF4D421AC59FEB00FA2A01 /* Supporting Files */ = {
			isa = PBXGroup;
			children = (
				06DF4D431AC59FEB00FA2A01 /* Info.plist */,
			);
			name = "Supporting Files";
			sourceTree = "<group>";
		};
		463070011AEE3B8E00B19267 /* Cells */ = {
			isa = PBXGroup;
			children = (
				463D47761AED18180097E480 /* MoodCell.swift */,
				4628E8061AED9FB900D9DDF5 /* TrainingDataDetailCell.swift */,
			);
			name = Cells;
			sourceTree = "<group>";
		};
		463D47731AED16260097E480 /* CollectionViewController */ = {
			isa = PBXGroup;
			children = (
				463D47711AED15FE0097E480 /* MoodCVC.swift */,
			);
			name = CollectionViewController;
			sourceTree = "<group>";
		};
/* End PBXGroup section */

/* Begin PBXNativeTarget section */
		06DF4D251AC59FEB00FA2A01 /* Train2Gain */ = {
			isa = PBXNativeTarget;
			buildConfigurationList = 06DF4D481AC59FEB00FA2A01 /* Build configuration list for PBXNativeTarget "Train2Gain" */;
			buildPhases = (
				06DF4D221AC59FEB00FA2A01 /* Sources */,
				06DF4D231AC59FEB00FA2A01 /* Frameworks */,
				06DF4D241AC59FEB00FA2A01 /* Resources */,
				46C0DBAF1B8EEBEA007245E7 /* ShellScript */,
				46C220C91BC169C30045940F /* Embed Frameworks */,
			);
			buildRules = (
			);
			dependencies = (
			);
			name = Train2Gain;
			productName = Train2Gain;
			productReference = 06DF4D261AC59FEB00FA2A01 /* Train2Gain.app */;
			productType = "com.apple.product-type.application";
		};
		06DF4D3D1AC59FEB00FA2A01 /* Train2GainTests */ = {
			isa = PBXNativeTarget;
			buildConfigurationList = 06DF4D4B1AC59FEB00FA2A01 /* Build configuration list for PBXNativeTarget "Train2GainTests" */;
			buildPhases = (
				06DF4D3A1AC59FEB00FA2A01 /* Sources */,
				06DF4D3B1AC59FEB00FA2A01 /* Frameworks */,
				06DF4D3C1AC59FEB00FA2A01 /* Resources */,
			);
			buildRules = (
			);
			dependencies = (
				06DF4D401AC59FEB00FA2A01 /* PBXTargetDependency */,
			);
			name = Train2GainTests;
			productName = Train2GainTests;
			productReference = 06DF4D3E1AC59FEB00FA2A01 /* Train2GainTests.xctest */;
			productType = "com.apple.product-type.bundle.unit-test";
		};
/* End PBXNativeTarget section */

/* Begin PBXProject section */
		06DF4D1E1AC59FEA00FA2A01 /* Project object */ = {
			isa = PBXProject;
			attributes = {
				LastSwiftMigration = 0700;
				LastSwiftUpdateCheck = 0700;
				LastUpgradeCheck = 0940;
				ORGANIZATIONNAME = Temper;
				TargetAttributes = {
					06DF4D251AC59FEB00FA2A01 = {
						CreatedOnToolsVersion = 6.3;
						DevelopmentTeam = TV782573M8;
						LastSwiftMigration = 0940;
					};
					06DF4D3D1AC59FEB00FA2A01 = {
						CreatedOnToolsVersion = 6.3;
						LastSwiftMigration = 0940;
						TestTargetID = 06DF4D251AC59FEB00FA2A01;
					};
				};
			};
			buildConfigurationList = 06DF4D211AC59FEA00FA2A01 /* Build configuration list for PBXProject "Train2Gain" */;
			compatibilityVersion = "Xcode 3.2";
			developmentRegion = English;
			hasScannedForEncodings = 0;
			knownRegions = (
				en,
				Base,
				de,
			);
			mainGroup = 06DF4D1D1AC59FEA00FA2A01;
			productRefGroup = 06DF4D271AC59FEB00FA2A01 /* Products */;
			projectDirPath = "";
			projectRoot = "";
			targets = (
				06DF4D251AC59FEB00FA2A01 /* Train2Gain */,
				06DF4D3D1AC59FEB00FA2A01 /* Train2GainTests */,
			);
		};
/* End PBXProject section */

/* Begin PBXResourcesBuildPhase section */
		06DF4D241AC59FEB00FA2A01 /* Resources */ = {
			isa = PBXResourcesBuildPhase;
			buildActionMask = 2147483647;
			files = (
				46EAAB021B8A40F900EB2919 /* Images.xcassets in Resources */,
				46AD666C1C3A09B20040E685 /* Localizable.strings in Resources */,
				46AD66701C3ADBB90040E685 /* LaunchScreen.xib in Resources */,
				46AD66631C383A060040E685 /* Main.storyboard in Resources */,
			);
			runOnlyForDeploymentPostprocessing = 0;
		};
		06DF4D3C1AC59FEB00FA2A01 /* Resources */ = {
			isa = PBXResourcesBuildPhase;
			buildActionMask = 2147483647;
			files = (
			);
			runOnlyForDeploymentPostprocessing = 0;
		};
/* End PBXResourcesBuildPhase section */

/* Begin PBXShellScriptBuildPhase section */
		46C0DBAF1B8EEBEA007245E7 /* ShellScript */ = {
			isa = PBXShellScriptBuildPhase;
			buildActionMask = 2147483647;
			files = (
			);
			inputPaths = (
			);
			outputPaths = (
			);
			runOnlyForDeploymentPostprocessing = 0;
			shellPath = /bin/sh;
			shellScript = "./Fabric.framework/run 4afe91f5795653672510e68734e0230afd83d19c 0c64ababf262edd579fd17c953bb40e238c8a0bcb8b0202bbb31e7d07920fe3f";
		};
/* End PBXShellScriptBuildPhase section */

/* Begin PBXSourcesBuildPhase section */
		06DF4D221AC59FEB00FA2A01 /* Sources */ = {
			isa = PBXSourcesBuildPhase;
			buildActionMask = 2147483647;
			files = (
				463D47771AED18180097E480 /* MoodCell.swift in Sources */,
				06DF4D4F1AC5A02C00FA2A01 /* OverviewTVC.swift in Sources */,
				06FF572F1AC5B5AF0059129D /* TrainingPlansVC.swift in Sources */,
				463D47721AED15FE0097E480 /* MoodCVC.swift in Sources */,
				46CEDEFF1B6C137A00B6E7D0 /* EditTrainingDataVC.swift in Sources */,
				06DF4D2F1AC59FEB00FA2A01 /* Train2Gain.xcdatamodeld in Sources */,
				06197B6F1AD5F1C9002794A3 /* TrainingDataVC.swift in Sources */,
				06DF4D2C1AC59FEB00FA2A01 /* AppDelegate.swift in Sources */,
				46E50E581B6AF29D003F381E /* EditTrainingDataDetailVC.swift in Sources */,
				466EF39B21343493005A3BFA /* AlertFormatHelper.swift in Sources */,
				46C220B41BC168F30045940F /* StatisticVC.swift in Sources */,
				463D47751AED17520097E480 /* Moods.swift in Sources */,
				4635A4621AED72E10017CE30 /* Mood.swift in Sources */,
				06879C681ACB462E00C6FEE3 /* TrainingPlanCreationVC.swift in Sources */,
				06FF57371AC633EB0059129D /* BodyMeasurementsVC.swift in Sources */,
				0694D5D91AD48863001BC64C /* DoneExercise.swift in Sources */,
				4628E8051AED99F300D9DDF5 /* TrainingDataDetailTVC.swift in Sources */,
				0618BA711AC7A11A00BDFBC0 /* TrainingModeVC.swift in Sources */,
				466EF3932132F503005A3BFA /* PickerViewHelper.swift in Sources */,
				06034FC91AD7290300EAB2D6 /* Measurements.swift in Sources */,
				466EF3912132F198005A3BFA /* DateFormatHelper.swift in Sources */,
				0618BA6F1AC78DEB00BDFBC0 /* Exercise.swift in Sources */,
				4628E8071AED9FB900D9DDF5 /* TrainingDataDetailCell.swift in Sources */,
				463070001AEE21F600B19267 /* SettingsVC.swift in Sources */,
			);
			runOnlyForDeploymentPostprocessing = 0;
		};
		06DF4D3A1AC59FEB00FA2A01 /* Sources */ = {
			isa = PBXSourcesBuildPhase;
			buildActionMask = 2147483647;
			files = (
				06DF4D451AC59FEB00FA2A01 /* Train2GainTests.swift in Sources */,
			);
			runOnlyForDeploymentPostprocessing = 0;
		};
/* End PBXSourcesBuildPhase section */

/* Begin PBXTargetDependency section */
		06DF4D401AC59FEB00FA2A01 /* PBXTargetDependency */ = {
			isa = PBXTargetDependency;
			target = 06DF4D251AC59FEB00FA2A01 /* Train2Gain */;
			targetProxy = 06DF4D3F1AC59FEB00FA2A01 /* PBXContainerItemProxy */;
		};
/* End PBXTargetDependency section */

/* Begin PBXVariantGroup section */
		46AD66651C383A060040E685 /* Main.storyboard */ = {
			isa = PBXVariantGroup;
			children = (
				46AD66951C3AEDA40040E685 /* Base */,
				466EF399213418F2005A3BFA /* de */,
			);
			name = Main.storyboard;
			sourceTree = "<group>";
		};
		46AD666E1C3A09B20040E685 /* Localizable.strings */ = {
			isa = PBXVariantGroup;
			children = (
				46AD666D1C3A09B20040E685 /* en */,
				46AD666F1C3A09B50040E685 /* de */,
			);
			name = Localizable.strings;
			sourceTree = "<group>";
		};
		46AD66721C3ADBB90040E685 /* LaunchScreen.xib */ = {
			isa = PBXVariantGroup;
			children = (
				46AD66751C3ADDB60040E685 /* Base */,
			);
			name = LaunchScreen.xib;
			sourceTree = "<group>";
		};
/* End PBXVariantGroup section */

/* Begin XCBuildConfiguration section */
		06DF4D461AC59FEB00FA2A01 /* Debug */ = {
			isa = XCBuildConfiguration;
			buildSettings = {
				ALWAYS_SEARCH_USER_PATHS = NO;
				CLANG_ANALYZER_LOCALIZABILITY_NONLOCALIZED = YES;
				CLANG_CXX_LANGUAGE_STANDARD = "gnu++0x";
				CLANG_CXX_LIBRARY = "libc++";
				CLANG_ENABLE_MODULES = YES;
				CLANG_ENABLE_OBJC_ARC = YES;
				CLANG_WARN_BLOCK_CAPTURE_AUTORELEASING = YES;
				CLANG_WARN_BOOL_CONVERSION = YES;
				CLANG_WARN_COMMA = YES;
				CLANG_WARN_CONSTANT_CONVERSION = YES;
				CLANG_WARN_DEPRECATED_OBJC_IMPLEMENTATIONS = YES;
				CLANG_WARN_DIRECT_OBJC_ISA_USAGE = YES_ERROR;
				CLANG_WARN_EMPTY_BODY = YES;
				CLANG_WARN_ENUM_CONVERSION = YES;
				CLANG_WARN_INFINITE_RECURSION = YES;
				CLANG_WARN_INT_CONVERSION = YES;
				CLANG_WARN_NON_LITERAL_NULL_CONVERSION = YES;
				CLANG_WARN_OBJC_IMPLICIT_RETAIN_SELF = YES;
				CLANG_WARN_OBJC_LITERAL_CONVERSION = YES;
				CLANG_WARN_OBJC_ROOT_CLASS = YES_ERROR;
				CLANG_WARN_RANGE_LOOP_ANALYSIS = YES;
				CLANG_WARN_STRICT_PROTOTYPES = YES;
				CLANG_WARN_SUSPICIOUS_MOVE = YES;
				CLANG_WARN_UNREACHABLE_CODE = YES;
				CLANG_WARN__DUPLICATE_METHOD_MATCH = YES;
				"CODE_SIGN_IDENTITY[sdk=iphoneos*]" = "iPhone Developer";
				COPY_PHASE_STRIP = NO;
				DEBUG_INFORMATION_FORMAT = dwarf;
				ENABLE_STRICT_OBJC_MSGSEND = YES;
				ENABLE_TESTABILITY = YES;
				GCC_C_LANGUAGE_STANDARD = gnu99;
				GCC_DYNAMIC_NO_PIC = NO;
				GCC_NO_COMMON_BLOCKS = YES;
				GCC_OPTIMIZATION_LEVEL = 0;
				GCC_PREPROCESSOR_DEFINITIONS = (
					"DEBUG=1",
					"$(inherited)",
				);
				GCC_SYMBOLS_PRIVATE_EXTERN = NO;
				GCC_WARN_64_TO_32_BIT_CONVERSION = YES;
				GCC_WARN_ABOUT_RETURN_TYPE = YES_ERROR;
				GCC_WARN_UNDECLARED_SELECTOR = YES;
				GCC_WARN_UNINITIALIZED_AUTOS = YES_AGGRESSIVE;
				GCC_WARN_UNUSED_FUNCTION = YES;
				GCC_WARN_UNUSED_VARIABLE = YES;
				IPHONEOS_DEPLOYMENT_TARGET = 8.1;
				MTL_ENABLE_DEBUG_INFO = YES;
				ONLY_ACTIVE_ARCH = YES;
				SDKROOT = iphoneos;
				SWIFT_OPTIMIZATION_LEVEL = "-Onone";
				TARGETED_DEVICE_FAMILY = "1,2";
			};
			name = Debug;
		};
		06DF4D471AC59FEB00FA2A01 /* Release */ = {
			isa = XCBuildConfiguration;
			buildSettings = {
				ALWAYS_SEARCH_USER_PATHS = NO;
				CLANG_ANALYZER_LOCALIZABILITY_NONLOCALIZED = YES;
				CLANG_CXX_LANGUAGE_STANDARD = "gnu++0x";
				CLANG_CXX_LIBRARY = "libc++";
				CLANG_ENABLE_MODULES = YES;
				CLANG_ENABLE_OBJC_ARC = YES;
				CLANG_WARN_BLOCK_CAPTURE_AUTORELEASING = YES;
				CLANG_WARN_BOOL_CONVERSION = YES;
				CLANG_WARN_COMMA = YES;
				CLANG_WARN_CONSTANT_CONVERSION = YES;
				CLANG_WARN_DEPRECATED_OBJC_IMPLEMENTATIONS = YES;
				CLANG_WARN_DIRECT_OBJC_ISA_USAGE = YES_ERROR;
				CLANG_WARN_EMPTY_BODY = YES;
				CLANG_WARN_ENUM_CONVERSION = YES;
				CLANG_WARN_INFINITE_RECURSION = YES;
				CLANG_WARN_INT_CONVERSION = YES;
				CLANG_WARN_NON_LITERAL_NULL_CONVERSION = YES;
				CLANG_WARN_OBJC_IMPLICIT_RETAIN_SELF = YES;
				CLANG_WARN_OBJC_LITERAL_CONVERSION = YES;
				CLANG_WARN_OBJC_ROOT_CLASS = YES_ERROR;
				CLANG_WARN_RANGE_LOOP_ANALYSIS = YES;
				CLANG_WARN_STRICT_PROTOTYPES = YES;
				CLANG_WARN_SUSPICIOUS_MOVE = YES;
				CLANG_WARN_UNREACHABLE_CODE = YES;
				CLANG_WARN__DUPLICATE_METHOD_MATCH = YES;
				"CODE_SIGN_IDENTITY[sdk=iphoneos*]" = "iPhone Developer";
				COPY_PHASE_STRIP = NO;
				DEBUG_INFORMATION_FORMAT = "dwarf-with-dsym";
				ENABLE_NS_ASSERTIONS = NO;
				ENABLE_STRICT_OBJC_MSGSEND = YES;
				GCC_C_LANGUAGE_STANDARD = gnu99;
				GCC_NO_COMMON_BLOCKS = YES;
				GCC_WARN_64_TO_32_BIT_CONVERSION = YES;
				GCC_WARN_ABOUT_RETURN_TYPE = YES_ERROR;
				GCC_WARN_UNDECLARED_SELECTOR = YES;
				GCC_WARN_UNINITIALIZED_AUTOS = YES_AGGRESSIVE;
				GCC_WARN_UNUSED_FUNCTION = YES;
				GCC_WARN_UNUSED_VARIABLE = YES;
				IPHONEOS_DEPLOYMENT_TARGET = 8.1;
				MTL_ENABLE_DEBUG_INFO = NO;
				SDKROOT = iphoneos;
				SWIFT_COMPILATION_MODE = wholemodule;
				TARGETED_DEVICE_FAMILY = "1,2";
				VALIDATE_PRODUCT = YES;
			};
			name = Release;
		};
		06DF4D491AC59FEB00FA2A01 /* Debug */ = {
			isa = XCBuildConfiguration;
			buildSettings = {
				ALWAYS_EMBED_SWIFT_STANDARD_LIBRARIES = YES;
				ASSETCATALOG_COMPILER_APPICON_NAME = AppIcon;
				ASSETCATALOG_COMPILER_LAUNCHIMAGE_NAME = LaunchImage;
				CODE_SIGN_IDENTITY = "iPhone Developer";
				DEBUG_INFORMATION_FORMAT = "dwarf-with-dsym";
				DEVELOPMENT_TEAM = TV782573M8;
				ENABLE_BITCODE = NO;
				FRAMEWORK_SEARCH_PATHS = (
					"$(inherited)",
					"$(PROJECT_DIR)",
					"$(PROJECT_DIR)/Carthage/Build/iOS",
				);
				INFOPLIST_FILE = Train2Gain/Info.plist;
				IPHONEOS_DEPLOYMENT_TARGET = 8.0;
				LD_RUNPATH_SEARCH_PATHS = "$(inherited) @executable_path/Frameworks";
				PRODUCT_BUNDLE_IDENTIFIER = "at.temper.at.temper.$(PRODUCT_NAME:rfc1034identifier)";
				PRODUCT_NAME = "$(TARGET_NAME)";
				SWIFT_SWIFT3_OBJC_INFERENCE = Default;
				SWIFT_VERSION = 4.0;
			};
			name = Debug;
		};
		06DF4D4A1AC59FEB00FA2A01 /* Release */ = {
			isa = XCBuildConfiguration;
			buildSettings = {
				ALWAYS_EMBED_SWIFT_STANDARD_LIBRARIES = YES;
				ASSETCATALOG_COMPILER_APPICON_NAME = AppIcon;
				ASSETCATALOG_COMPILER_LAUNCHIMAGE_NAME = LaunchImage;
				CODE_SIGN_IDENTITY = "iPhone Developer";
				DEVELOPMENT_TEAM = TV782573M8;
				ENABLE_BITCODE = NO;
				FRAMEWORK_SEARCH_PATHS = (
					"$(inherited)",
					"$(PROJECT_DIR)",
					"$(PROJECT_DIR)/Carthage/Build/iOS",
				);
				INFOPLIST_FILE = Train2Gain/Info.plist;
				IPHONEOS_DEPLOYMENT_TARGET = 8.0;
				LD_RUNPATH_SEARCH_PATHS = "$(inherited) @executable_path/Frameworks";
				PRODUCT_BUNDLE_IDENTIFIER = "at.temper.at.temper.$(PRODUCT_NAME:rfc1034identifier)";
				PRODUCT_NAME = "$(TARGET_NAME)";
				SWIFT_SWIFT3_OBJC_INFERENCE = Default;
				SWIFT_VERSION = 4.0;
			};
			name = Release;
		};
		06DF4D4C1AC59FEB00FA2A01 /* Debug */ = {
			isa = XCBuildConfiguration;
			buildSettings = {
				BUNDLE_LOADER = "$(TEST_HOST)";
				GCC_PREPROCESSOR_DEFINITIONS = (
					"DEBUG=1",
					"$(inherited)",
				);
				INFOPLIST_FILE = Train2GainTests/Info.plist;
				LD_RUNPATH_SEARCH_PATHS = "$(inherited) @executable_path/Frameworks @loader_path/Frameworks";
				PRODUCT_BUNDLE_IDENTIFIER = "at.fhooe.mc.MOM4.$(PRODUCT_NAME:rfc1034identifier)";
				PRODUCT_NAME = "$(TARGET_NAME)";
				SWIFT_SWIFT3_OBJC_INFERENCE = Default;
				SWIFT_VERSION = 4.0;
				TEST_HOST = "$(BUILT_PRODUCTS_DIR)/Train2Gain.app/Train2Gain";
			};
			name = Debug;
		};
		06DF4D4D1AC59FEB00FA2A01 /* Release */ = {
			isa = XCBuildConfiguration;
			buildSettings = {
				BUNDLE_LOADER = "$(TEST_HOST)";
				INFOPLIST_FILE = Train2GainTests/Info.plist;
				LD_RUNPATH_SEARCH_PATHS = "$(inherited) @executable_path/Frameworks @loader_path/Frameworks";
				PRODUCT_BUNDLE_IDENTIFIER = "at.fhooe.mc.MOM4.$(PRODUCT_NAME:rfc1034identifier)";
				PRODUCT_NAME = "$(TARGET_NAME)";
				SWIFT_SWIFT3_OBJC_INFERENCE = Default;
				SWIFT_VERSION = 4.0;
				TEST_HOST = "$(BUILT_PRODUCTS_DIR)/Train2Gain.app/Train2Gain";
			};
			name = Release;
		};
/* End XCBuildConfiguration section */

/* Begin XCConfigurationList section */
		06DF4D211AC59FEA00FA2A01 /* Build configuration list for PBXProject "Train2Gain" */ = {
			isa = XCConfigurationList;
			buildConfigurations = (
				06DF4D461AC59FEB00FA2A01 /* Debug */,
				06DF4D471AC59FEB00FA2A01 /* Release */,
			);
			defaultConfigurationIsVisible = 0;
			defaultConfigurationName = Release;
		};
		06DF4D481AC59FEB00FA2A01 /* Build configuration list for PBXNativeTarget "Train2Gain" */ = {
			isa = XCConfigurationList;
			buildConfigurations = (
				06DF4D491AC59FEB00FA2A01 /* Debug */,
				06DF4D4A1AC59FEB00FA2A01 /* Release */,
			);
			defaultConfigurationIsVisible = 0;
			defaultConfigurationName = Release;
		};
		06DF4D4B1AC59FEB00FA2A01 /* Build configuration list for PBXNativeTarget "Train2GainTests" */ = {
			isa = XCConfigurationList;
			buildConfigurations = (
				06DF4D4C1AC59FEB00FA2A01 /* Debug */,
				06DF4D4D1AC59FEB00FA2A01 /* Release */,
			);
			defaultConfigurationIsVisible = 0;
			defaultConfigurationName = Release;
		};
/* End XCConfigurationList section */

/* Begin XCVersionGroup section */
		06DF4D2D1AC59FEB00FA2A01 /* Train2Gain.xcdatamodeld */ = {
			isa = XCVersionGroup;
			children = (
				06DF4D2E1AC59FEB00FA2A01 /* Train2Gain.xcdatamodel */,
			);
			currentVersion = 06DF4D2E1AC59FEB00FA2A01 /* Train2Gain.xcdatamodel */;
			path = Train2Gain.xcdatamodeld;
			sourceTree = "<group>";
			versionGroupType = wrapper.xcdatamodel;
		};
/* End XCVersionGroup section */
	};
	rootObject = 06DF4D1E1AC59FEA00FA2A01 /* Project object */;
}
